
Microsoft Visual Studio Solution File, Format Version 12.00
# Visual Studio Version 17
VisualStudioVersion = 17.7.34221.43
MinimumVisualStudioVersion = 10.0.40219.1
Project("{9A19103F-16F7-4668-BE54-9A1E7A4F7556}") = "WorkBench", "WorkBench\WorkBench.csproj", "{33D657F9-DD41-43EA-8CA7-EA1178474754}"
EndProject
Project("{9A19103F-16F7-4668-BE54-9A1E7A4F7556}") = "WorkBench.UnitTests", "WorkBench.Test\WorkBench.UnitTests.csproj", "{F049C35A-5A91-4458-99D0-F6B4BD986245}"
EndProject
Project("{2150E333-8FDC-42A3-9474-1A3956D46DE8}") = "Engine", "Engine", "{48743BEB-8AE4-4F8F-A611-3FCE0C84684F}"
EndProject
Project("{9A19103F-16F7-4668-BE54-9A1E7A4F7556}") = "WorkBench.Engine.Interfaces", "WorkBench.Engine.Interfaces\WorkBench.Engine.Interfaces.csproj", "{28518BCE-77ED-446A-A785-A1F796D03B2F}"
EndProject
Project("{9A19103F-16F7-4668-BE54-9A1E7A4F7556}") = "WorkBench.Engine.FizzBuzz", "WorkBench.Engine.FizzBuzz\WorkBench.Engine.FizzBuzz.csproj", "{1F206D12-5A28-4E9F-88EF-F845D63EC3E6}"
EndProject
Project("{9A19103F-16F7-4668-BE54-9A1E7A4F7556}") = "WorkBench.ComponentTests", "WorkBench.ComponentTests\WorkBench.ComponentTests.csproj", "{FCBF6A91-BAD2-4F87-A9B5-DAF7427A4E0A}"
EndProject
Project("{9A19103F-16F7-4668-BE54-9A1E7A4F7556}") = "WorkBench.Engine.Rules", "WorkBench.Engine.Protocols\WorkBench.Engine.Rules.csproj", "{A869B2EC-8E3D-407D-A2F2-A7465F472E2F}"
EndProject
Project("{9A19103F-16F7-4668-BE54-9A1E7A4F7556}") = "WorkBench.Engine.Rules.Bespoke", "WorkBench.Engine.Rules.Bespoke\WorkBench.Engine.Rules.Bespoke.csproj", "{42BF663A-01BC-4858-95C1-5873780144C3}"
EndProject
Project("{2150E333-8FDC-42A3-9474-1A3956D46DE8}") = "Tests", "Tests", "{0373B138-4913-47B9-A878-95C394CFC53B}"
EndProject
Project("{9A19103F-16F7-4668-BE54-9A1E7A4F7556}") = "WorkBench.API", "WorkBench.API\WorkBench.API.csproj", "{F36A9F3D-00C3-4074-BA39-E0762DD9E6B9}"
EndProject
Project("{FAE04EC0-301F-11D3-BF4B-00C04F79EFBC}") = "WorkBench.Engine.Cipher", "WorkBench.Engine.Cipher\WorkBench.Engine.Cipher.csproj", "{5C47FF63-168F-46CD-AA8E-33C87B2E916B}"
EndProject
Project("{FAE04EC0-301F-11D3-BF4B-00C04F79EFBC}") = "WorkBench.Engine.Interfaces.CeasarCipher", "WorkBench.Engine.Interfaces.CeasarCipher\WorkBench.Engine.Interfaces.CeasarCipher.csproj", "{5A16AC8D-3890-4D74-826F-B90B30253B67}"
EndProject
Project("{FAE04EC0-301F-11D3-BF4B-00C04F79EFBC}") = "WorkBench.Engine.Interfaces.FizzBuzz", "WorkBench.Engine.Interfaces.FizzBuzz\WorkBench.Engine.Interfaces.FizzBuzz.csproj", "{26C20454-0FBB-4D6B-8EC9-D45CFBF8B983}"
EndProject
Project("{9A19103F-16F7-4668-BE54-9A1E7A4F7556}") = "WorkBench.Engine.CaesarCipher", "WorkBench.Engine.CaesarCipher\WorkBench.Engine.CaesarCipher.csproj", "{0851925D-013D-4E27-B36F-072505F8E6E7}"
EndProject
Global
	GlobalSection(SolutionConfigurationPlatforms) = preSolution
		Debug|Any CPU = Debug|Any CPU
		Release|Any CPU = Release|Any CPU
	EndGlobalSection
	GlobalSection(ProjectConfigurationPlatforms) = postSolution
		{33D657F9-DD41-43EA-8CA7-EA1178474754}.Debug|Any CPU.ActiveCfg = Debug|Any CPU
		{33D657F9-DD41-43EA-8CA7-EA1178474754}.Debug|Any CPU.Build.0 = Debug|Any CPU
		{33D657F9-DD41-43EA-8CA7-EA1178474754}.Release|Any CPU.ActiveCfg = Release|Any CPU
		{33D657F9-DD41-43EA-8CA7-EA1178474754}.Release|Any CPU.Build.0 = Release|Any CPU
		{F049C35A-5A91-4458-99D0-F6B4BD986245}.Debug|Any CPU.ActiveCfg = Debug|Any CPU
		{F049C35A-5A91-4458-99D0-F6B4BD986245}.Debug|Any CPU.Build.0 = Debug|Any CPU
		{F049C35A-5A91-4458-99D0-F6B4BD986245}.Release|Any CPU.ActiveCfg = Release|Any CPU
		{F049C35A-5A91-4458-99D0-F6B4BD986245}.Release|Any CPU.Build.0 = Release|Any CPU
		{28518BCE-77ED-446A-A785-A1F796D03B2F}.Debug|Any CPU.ActiveCfg = Debug|Any CPU
		{28518BCE-77ED-446A-A785-A1F796D03B2F}.Debug|Any CPU.Build.0 = Debug|Any CPU
		{28518BCE-77ED-446A-A785-A1F796D03B2F}.Release|Any CPU.ActiveCfg = Release|Any CPU
		{28518BCE-77ED-446A-A785-A1F796D03B2F}.Release|Any CPU.Build.0 = Release|Any CPU
		{1F206D12-5A28-4E9F-88EF-F845D63EC3E6}.Debug|Any CPU.ActiveCfg = Debug|Any CPU
		{1F206D12-5A28-4E9F-88EF-F845D63EC3E6}.Debug|Any CPU.Build.0 = Debug|Any CPU
		{1F206D12-5A28-4E9F-88EF-F845D63EC3E6}.Release|Any CPU.ActiveCfg = Release|Any CPU
		{1F206D12-5A28-4E9F-88EF-F845D63EC3E6}.Release|Any CPU.Build.0 = Release|Any CPU
		{FCBF6A91-BAD2-4F87-A9B5-DAF7427A4E0A}.Debug|Any CPU.ActiveCfg = Debug|Any CPU
		{FCBF6A91-BAD2-4F87-A9B5-DAF7427A4E0A}.Debug|Any CPU.Build.0 = Debug|Any CPU
		{FCBF6A91-BAD2-4F87-A9B5-DAF7427A4E0A}.Release|Any CPU.ActiveCfg = Release|Any CPU
		{FCBF6A91-BAD2-4F87-A9B5-DAF7427A4E0A}.Release|Any CPU.Build.0 = Release|Any CPU
		{A869B2EC-8E3D-407D-A2F2-A7465F472E2F}.Debug|Any CPU.ActiveCfg = Debug|Any CPU
		{A869B2EC-8E3D-407D-A2F2-A7465F472E2F}.Debug|Any CPU.Build.0 = Debug|Any CPU
		{A869B2EC-8E3D-407D-A2F2-A7465F472E2F}.Release|Any CPU.ActiveCfg = Release|Any CPU
		{A869B2EC-8E3D-407D-A2F2-A7465F472E2F}.Release|Any CPU.Build.0 = Release|Any CPU
		{42BF663A-01BC-4858-95C1-5873780144C3}.Debug|Any CPU.ActiveCfg = Debug|Any CPU
		{42BF663A-01BC-4858-95C1-5873780144C3}.Debug|Any CPU.Build.0 = Debug|Any CPU
		{42BF663A-01BC-4858-95C1-5873780144C3}.Release|Any CPU.ActiveCfg = Release|Any CPU
		{42BF663A-01BC-4858-95C1-5873780144C3}.Release|Any CPU.Build.0 = Release|Any CPU
		{F36A9F3D-00C3-4074-BA39-E0762DD9E6B9}.Debug|Any CPU.ActiveCfg = Debug|Any CPU
		{F36A9F3D-00C3-4074-BA39-E0762DD9E6B9}.Debug|Any CPU.Build.0 = Debug|Any CPU
		{F36A9F3D-00C3-4074-BA39-E0762DD9E6B9}.Release|Any CPU.ActiveCfg = Release|Any CPU
		{F36A9F3D-00C3-4074-BA39-E0762DD9E6B9}.Release|Any CPU.Build.0 = Release|Any CPU
		{5C47FF63-168F-46CD-AA8E-33C87B2E916B}.Debug|Any CPU.ActiveCfg = Debug|Any CPU
		{5C47FF63-168F-46CD-AA8E-33C87B2E916B}.Debug|Any CPU.Build.0 = Debug|Any CPU
		{5C47FF63-168F-46CD-AA8E-33C87B2E916B}.Release|Any CPU.ActiveCfg = Release|Any CPU
		{5C47FF63-168F-46CD-AA8E-33C87B2E916B}.Release|Any CPU.Build.0 = Release|Any CPU
		{5A16AC8D-3890-4D74-826F-B90B30253B67}.Debug|Any CPU.ActiveCfg = Debug|Any CPU
		{5A16AC8D-3890-4D74-826F-B90B30253B67}.Debug|Any CPU.Build.0 = Debug|Any CPU
		{5A16AC8D-3890-4D74-826F-B90B30253B67}.Release|Any CPU.ActiveCfg = Release|Any CPU
		{5A16AC8D-3890-4D74-826F-B90B30253B67}.Release|Any CPU.Build.0 = Release|Any CPU
		{26C20454-0FBB-4D6B-8EC9-D45CFBF8B983}.Debug|Any CPU.ActiveCfg = Debug|Any CPU
		{26C20454-0FBB-4D6B-8EC9-D45CFBF8B983}.Debug|Any CPU.Build.0 = Debug|Any CPU
		{26C20454-0FBB-4D6B-8EC9-D45CFBF8B983}.Release|Any CPU.ActiveCfg = Release|Any CPU
		{26C20454-0FBB-4D6B-8EC9-D45CFBF8B983}.Release|Any CPU.Build.0 = Release|Any CPU
		{0851925D-013D-4E27-B36F-072505F8E6E7}.Debug|Any CPU.ActiveCfg = Debug|Any CPU
		{0851925D-013D-4E27-B36F-072505F8E6E7}.Debug|Any CPU.Build.0 = Debug|Any CPU
		{0851925D-013D-4E27-B36F-072505F8E6E7}.Release|Any CPU.ActiveCfg = Release|Any CPU
		{0851925D-013D-4E27-B36F-072505F8E6E7}.Release|Any CPU.Build.0 = Release|Any CPU
	EndGlobalSection
	GlobalSection(SolutionProperties) = preSolution
		HideSolutionNode = FALSE
	EndGlobalSection
	GlobalSection(NestedProjects) = preSolution
		{F049C35A-5A91-4458-99D0-F6B4BD986245} = {0373B138-4913-47B9-A878-95C394CFC53B}
		{28518BCE-77ED-446A-A785-A1F796D03B2F} = {48743BEB-8AE4-4F8F-A611-3FCE0C84684F}
		{1F206D12-5A28-4E9F-88EF-F845D63EC3E6} = {48743BEB-8AE4-4F8F-A611-3FCE0C84684F}
		{FCBF6A91-BAD2-4F87-A9B5-DAF7427A4E0A} = {0373B138-4913-47B9-A878-95C394CFC53B}
		{A869B2EC-8E3D-407D-A2F2-A7465F472E2F} = {48743BEB-8AE4-4F8F-A611-3FCE0C84684F}
		{42BF663A-01BC-4858-95C1-5873780144C3} = {48743BEB-8AE4-4F8F-A611-3FCE0C84684F}
		{5C47FF63-168F-46CD-AA8E-33C87B2E916B} = {48743BEB-8AE4-4F8F-A611-3FCE0C84684F}
		{5A16AC8D-3890-4D74-826F-B90B30253B67} = {48743BEB-8AE4-4F8F-A611-3FCE0C84684F}
		{26C20454-0FBB-4D6B-8EC9-D45CFBF8B983} = {48743BEB-8AE4-4F8F-A611-3FCE0C84684F}
		{0851925D-013D-4E27-B36F-072505F8E6E7} = {48743BEB-8AE4-4F8F-A611-3FCE0C84684F}
	EndGlobalSection
	GlobalSection(ExtensibilityGlobals) = postSolution
		SolutionGuid = {BA52C3AF-41B0-4C82-90E7-E3DBFF8A507E}
	EndGlobalSection
EndGlobal
